
Microsoft Visual Studio Solution File, Format Version 12.00
# Visual Studio Version 17
VisualStudioVersion = 17.7.34024.191
MinimumVisualStudioVersion = 10.0.40219.1
Project("{FAE04EC0-301F-11D3-BF4B-00C04F79EFBC}") = "clinic-vet", "clinic-vet\clinic-vet.csproj", "{48462794-5E35-4346-A2BD-22B497C34505}"
EndProject
Global
	GlobalSection(SolutionConfigurationPlatforms) = preSolution
		Debug|Any CPU = Debug|Any CPU
		Release|Any CPU = Release|Any CPU
	EndGlobalSection
	GlobalSection(ProjectConfigurationPlatforms) = postSolution
		{48462794-5E35-4346-A2BD-22B497C34505}.Debug|Any CPU.ActiveCfg = Debug|Any CPU
		{48462794-5E35-4346-A2BD-22B497C34505}.Debug|Any CPU.Build.0 = Debug|Any CPU
		{48462794-5E35-4346-A2BD-22B497C34505}.Release|Any CPU.ActiveCfg = Release|Any CPU
		{48462794-5E35-4346-A2BD-22B497C34505}.Release|Any CPU.Build.0 = Release|Any CPU
	EndGlobalSection
	GlobalSection(SolutionProperties) = preSolution
		HideSolutionNode = FALSE
	EndGlobalSection
	GlobalSection(ExtensibilityGlobals) = postSolution
		SolutionGuid = {364F72D1-6CD8-4148-B8DF-1F77EAEDAAFD}
	EndGlobalSection
EndGlobal
